
Microsoft Visual Studio Solution File, Format Version 12.00
Project("{FAE04EC0-301F-11D3-BF4B-00C04F79EFBC}") = "SongImageParser", "SongDataCleaner.csproj", "{3F5A624D-E3B9-4FCB-98B3-16875CC16B6C}"
EndProject
Global
	GlobalSection(SolutionConfigurationPlatforms) = preSolution
		Debug|Any CPU = Debug|Any CPU
		Release|Any CPU = Release|Any CPU
	EndGlobalSection
	GlobalSection(ProjectConfigurationPlatforms) = postSolution
		{3F5A624D-E3B9-4FCB-98B3-16875CC16B6C}.Debug|Any CPU.ActiveCfg = Debug|Any CPU
		{3F5A624D-E3B9-4FCB-98B3-16875CC16B6C}.Debug|Any CPU.Build.0 = Debug|Any CPU
		{3F5A624D-E3B9-4FCB-98B3-16875CC16B6C}.Release|Any CPU.ActiveCfg = Release|Any CPU
		{3F5A624D-E3B9-4FCB-98B3-16875CC16B6C}.Release|Any CPU.Build.0 = Release|Any CPU
	EndGlobalSection
EndGlobal
